// !$*UTF8*$!
{
	archiveVersion = 1;
	classes = {
	};
	objectVersion = 50;
	objects = {

/* Begin PBXBuildFile section */
		487CFEF0231EDDE4000B3B2B /* AppDelegate.swift in Sources */ = {isa = PBXBuildFile; fileRef = 487CFEEF231EDDE4000B3B2B /* AppDelegate.swift */; };
		487CFEF2231EDDE4000B3B2B /* ViewController.swift in Sources */ = {isa = PBXBuildFile; fileRef = 487CFEF1231EDDE4000B3B2B /* ViewController.swift */; };
		487CFEF5231EDDE4000B3B2B /* Main.storyboard in Resources */ = {isa = PBXBuildFile; fileRef = 487CFEF3231EDDE4000B3B2B /* Main.storyboard */; };
		487CFEF8231EDDE4000B3B2B /* ChallengeAccepted.xcdatamodeld in Sources */ = {isa = PBXBuildFile; fileRef = 487CFEF6231EDDE4000B3B2B /* ChallengeAccepted.xcdatamodeld */; };
		487CFEFA231EDDE4000B3B2B /* Assets.xcassets in Resources */ = {isa = PBXBuildFile; fileRef = 487CFEF9231EDDE4000B3B2B /* Assets.xcassets */; };
		487CFEFD231EDDE4000B3B2B /* LaunchScreen.storyboard in Resources */ = {isa = PBXBuildFile; fileRef = 487CFEFB231EDDE4000B3B2B /* LaunchScreen.storyboard */; };
		487CFF08231EE350000B3B2B /* UserAuthenticationViewController.swift in Sources */ = {isa = PBXBuildFile; fileRef = 487CFF07231EE350000B3B2B /* UserAuthenticationViewController.swift */; };
		487CFF102320A7C1000B3B2B /* SAButton.swift in Sources */ = {isa = PBXBuildFile; fileRef = 487CFF0F2320A7C1000B3B2B /* SAButton.swift */; };
/* End PBXBuildFile section */

/* Begin PBXFileReference section */
		487CFEEC231EDDE4000B3B2B /* ChallengeAccepted.app */ = {isa = PBXFileReference; explicitFileType = wrapper.application; includeInIndex = 0; path = ChallengeAccepted.app; sourceTree = BUILT_PRODUCTS_DIR; };
		487CFEEF231EDDE4000B3B2B /* AppDelegate.swift */ = {isa = PBXFileReference; lastKnownFileType = sourcecode.swift; path = AppDelegate.swift; sourceTree = "<group>"; };
		487CFEF1231EDDE4000B3B2B /* ViewController.swift */ = {isa = PBXFileReference; lastKnownFileType = sourcecode.swift; path = ViewController.swift; sourceTree = "<group>"; };
		487CFEF4231EDDE4000B3B2B /* Base */ = {isa = PBXFileReference; lastKnownFileType = file.storyboard; name = Base; path = Base.lproj/Main.storyboard; sourceTree = "<group>"; };
		487CFEF7231EDDE4000B3B2B /* ChallengeAccepted.xcdatamodel */ = {isa = PBXFileReference; lastKnownFileType = wrapper.xcdatamodel; path = ChallengeAccepted.xcdatamodel; sourceTree = "<group>"; };
		487CFEF9231EDDE4000B3B2B /* Assets.xcassets */ = {isa = PBXFileReference; lastKnownFileType = folder.assetcatalog; path = Assets.xcassets; sourceTree = "<group>"; };
		487CFEFC231EDDE4000B3B2B /* Base */ = {isa = PBXFileReference; lastKnownFileType = file.storyboard; name = Base; path = Base.lproj/LaunchScreen.storyboard; sourceTree = "<group>"; };
		487CFEFE231EDDE4000B3B2B /* Info.plist */ = {isa = PBXFileReference; lastKnownFileType = text.plist.xml; path = Info.plist; sourceTree = "<group>"; };
		487CFF07231EE350000B3B2B /* UserAuthenticationViewController.swift */ = {isa = PBXFileReference; lastKnownFileType = sourcecode.swift; path = UserAuthenticationViewController.swift; sourceTree = "<group>"; };
		487CFF0F2320A7C1000B3B2B /* SAButton.swift */ = {isa = PBXFileReference; lastKnownFileType = sourcecode.swift; path = SAButton.swift; sourceTree = "<group>"; };
/* End PBXFileReference section */

/* Begin PBXFrameworksBuildPhase section */
		487CFEE9231EDDE4000B3B2B /* Frameworks */ = {
			isa = PBXFrameworksBuildPhase;
			buildActionMask = 2147483647;
			files = (
			);
			runOnlyForDeploymentPostprocessing = 0;
		};
/* End PBXFrameworksBuildPhase section */

/* Begin PBXGroup section */
		487CFEE3231EDDE4000B3B2B = {
			isa = PBXGroup;
			children = (
				487CFEEE231EDDE4000B3B2B /* ChallengeAccepted */,
				487CFEED231EDDE4000B3B2B /* Products */,
			);
			sourceTree = "<group>";
		};
		487CFEED231EDDE4000B3B2B /* Products */ = {
			isa = PBXGroup;
			children = (
				487CFEEC231EDDE4000B3B2B /* ChallengeAccepted.app */,
			);
			name = Products;
			sourceTree = "<group>";
		};
		487CFEEE231EDDE4000B3B2B /* ChallengeAccepted */ = {
			isa = PBXGroup;
			children = (
				487CFF04231EDE23000B3B2B /* Models */,
				487CFF05231EDE29000B3B2B /* Views */,
				487CFF06231EDE2E000B3B2B /* Controllers */,
				487CFEEF231EDDE4000B3B2B /* AppDelegate.swift */,
				487CFEF9231EDDE4000B3B2B /* Assets.xcassets */,
				487CFEFE231EDDE4000B3B2B /* Info.plist */,
				487CFEF6231EDDE4000B3B2B /* ChallengeAccepted.xcdatamodeld */,
			);
			path = ChallengeAccepted;
			sourceTree = "<group>";
		};
		487CFF04231EDE23000B3B2B /* Models */ = {
			isa = PBXGroup;
			children = (
			);
			path = Models;
			sourceTree = "<group>";
		};
		487CFF05231EDE29000B3B2B /* Views */ = {
			isa = PBXGroup;
			children = (
				487CFEF3231EDDE4000B3B2B /* Main.storyboard */,
				487CFEFB231EDDE4000B3B2B /* LaunchScreen.storyboard */,
				487CFF0F2320A7C1000B3B2B /* SAButton.swift */,
			);
			path = Views;
			sourceTree = "<group>";
		};
		487CFF06231EDE2E000B3B2B /* Controllers */ = {
			isa = PBXGroup;
			children = (
				487CFEF1231EDDE4000B3B2B /* ViewController.swift */,
				487CFF07231EE350000B3B2B /* UserAuthenticationViewController.swift */,
			);
			path = Controllers;
			sourceTree = "<group>";
		};
/* End PBXGroup section */

/* Begin PBXNativeTarget section */
		487CFEEB231EDDE4000B3B2B /* ChallengeAccepted */ = {
			isa = PBXNativeTarget;
			buildConfigurationList = 487CFF01231EDDE4000B3B2B /* Build configuration list for PBXNativeTarget "ChallengeAccepted" */;
			buildPhases = (
				487CFEE8231EDDE4000B3B2B /* Sources */,
				487CFEE9231EDDE4000B3B2B /* Frameworks */,
				487CFEEA231EDDE4000B3B2B /* Resources */,
			);
			buildRules = (
			);
			dependencies = (
			);
			name = ChallengeAccepted;
			productName = ChallengeAccepted;
			productReference = 487CFEEC231EDDE4000B3B2B /* ChallengeAccepted.app */;
			productType = "com.apple.product-type.application";
		};
/* End PBXNativeTarget section */

/* Begin PBXProject section */
		487CFEE4231EDDE4000B3B2B /* Project object */ = {
			isa = PBXProject;
			attributes = {
				LastSwiftUpdateCheck = 1030;
				LastUpgradeCheck = 1030;
				ORGANIZATIONNAME = "Roman Weisman";
				TargetAttributes = {
					487CFEEB231EDDE4000B3B2B = {
						CreatedOnToolsVersion = 10.3;
					};
				};
			};
			buildConfigurationList = 487CFEE7231EDDE4000B3B2B /* Build configuration list for PBXProject "ChallengeAccepted" */;
			compatibilityVersion = "Xcode 9.3";
			developmentRegion = en;
			hasScannedForEncodings = 0;
			knownRegions = (
				en,
				Base,
			);
			mainGroup = 487CFEE3231EDDE4000B3B2B;
			productRefGroup = 487CFEED231EDDE4000B3B2B /* Products */;
			projectDirPath = "";
			projectRoot = "";
			targets = (
				487CFEEB231EDDE4000B3B2B /* ChallengeAccepted */,
			);
		};
/* End PBXProject section */

/* Begin PBXResourcesBuildPhase section */
		487CFEEA231EDDE4000B3B2B /* Resources */ = {
			isa = PBXResourcesBuildPhase;
			buildActionMask = 2147483647;
			files = (
				487CFEFD231EDDE4000B3B2B /* LaunchScreen.storyboard in Resources */,
				487CFEFA231EDDE4000B3B2B /* Assets.xcassets in Resources */,
				487CFEF5231EDDE4000B3B2B /* Main.storyboard in Resources */,
			);
			runOnlyForDeploymentPostprocessing = 0;
		};
/* End PBXResourcesBuildPhase section */

/* Begin PBXSourcesBuildPhase section */
		487CFEE8231EDDE4000B3B2B /* Sources */ = {
			isa = PBXSourcesBuildPhase;
			buildActionMask = 2147483647;
			files = (
				487CFEF8231EDDE4000B3B2B /* ChallengeAccepted.xcdatamodeld in Sources */,
				487CFF102320A7C1000B3B2B /* SAButton.swift in Sources */,
				487CFEF2231EDDE4000B3B2B /* ViewController.swift in Sources */,
				487CFEF0231EDDE4000B3B2B /* AppDelegate.swift in Sources */,
				487CFF08231EE350000B3B2B /* UserAuthenticationViewController.swift in Sources */,
			);
			runOnlyForDeploymentPostprocessing = 0;
		};
/* End PBXSourcesBuildPhase section */

/* Begin PBXVariantGroup section */
		487CFEF3231EDDE4000B3B2B /* Main.storyboard */ = {
			isa = PBXVariantGroup;
			children = (
				487CFEF4231EDDE4000B3B2B /* Base */,
			);
			name = Main.storyboard;
			sourceTree = "<group>";
		};
		487CFEFB231EDDE4000B3B2B /* LaunchScreen.storyboard */ = {
			isa = PBXVariantGroup;
			children = (
				487CFEFC231EDDE4000B3B2B /* Base */,
			);
			name = LaunchScreen.storyboard;
			sourceTree = "<group>";
		};
/* End PBXVariantGroup section */

/* Begin XCBuildConfiguration section */
		487CFEFF231EDDE4000B3B2B /* Debug */ = {
			isa = XCBuildConfiguration;
			buildSettings = {
				ALWAYS_SEARCH_USER_PATHS = NO;
				CLANG_ANALYZER_NONNULL = YES;
				CLANG_ANALYZER_NUMBER_OBJECT_CONVERSION = YES_AGGRESSIVE;
				CLANG_CXX_LANGUAGE_STANDARD = "gnu++14";
				CLANG_CXX_LIBRARY = "libc++";
				CLANG_ENABLE_MODULES = YES;
				CLANG_ENABLE_OBJC_ARC = YES;
				CLANG_ENABLE_OBJC_WEAK = YES;
				CLANG_WARN_BLOCK_CAPTURE_AUTORELEASING = YES;
				CLANG_WARN_BOOL_CONVERSION = YES;
				CLANG_WARN_COMMA = YES;
				CLANG_WARN_CONSTANT_CONVERSION = YES;
				CLANG_WARN_DEPRECATED_OBJC_IMPLEMENTATIONS = YES;
				CLANG_WARN_DIRECT_OBJC_ISA_USAGE = YES_ERROR;
				CLANG_WARN_DOCUMENTATION_COMMENTS = YES;
				CLANG_WARN_EMPTY_BODY = YES;
				CLANG_WARN_ENUM_CONVERSION = YES;
				CLANG_WARN_INFINITE_RECURSION = YES;
				CLANG_WARN_INT_CONVERSION = YES;
				CLANG_WARN_NON_LITERAL_NULL_CONVERSION = YES;
				CLANG_WARN_OBJC_IMPLICIT_RETAIN_SELF = YES;
				CLANG_WARN_OBJC_LITERAL_CONVERSION = YES;
				CLANG_WARN_OBJC_ROOT_CLASS = YES_ERROR;
				CLANG_WARN_RANGE_LOOP_ANALYSIS = YES;
				CLANG_WARN_STRICT_PROTOTYPES = YES;
				CLANG_WARN_SUSPICIOUS_MOVE = YES;
				CLANG_WARN_UNGUARDED_AVAILABILITY = YES_AGGRESSIVE;
				CLANG_WARN_UNREACHABLE_CODE = YES;
				CLANG_WARN__DUPLICATE_METHOD_MATCH = YES;
				CODE_SIGN_IDENTITY = "iPhone Developer";
				COPY_PHASE_STRIP = NO;
				DEBUG_INFORMATION_FORMAT = dwarf;
				ENABLE_STRICT_OBJC_MSGSEND = YES;
				ENABLE_TESTABILITY = YES;
				GCC_C_LANGUAGE_STANDARD = gnu11;
				GCC_DYNAMIC_NO_PIC = NO;
				GCC_NO_COMMON_BLOCKS = YES;
				GCC_OPTIMIZATION_LEVEL = 0;
				GCC_PREPROCESSOR_DEFINITIONS = (
					"DEBUG=1",
					"$(inherited)",
				);
				GCC_WARN_64_TO_32_BIT_CONVERSION = YES;
				GCC_WARN_ABOUT_RETURN_TYPE = YES_ERROR;
				GCC_WARN_UNDECLARED_SELECTOR = YES;
				GCC_WARN_UNINITIALIZED_AUTOS = YES_AGGRESSIVE;
				GCC_WARN_UNUSED_FUNCTION = YES;
				GCC_WARN_UNUSED_VARIABLE = YES;
				IPHONEOS_DEPLOYMENT_TARGET = 12.4;
				MTL_ENABLE_DEBUG_INFO = INCLUDE_SOURCE;
				MTL_FAST_MATH = YES;
				ONLY_ACTIVE_ARCH = YES;
				SDKROOT = iphoneos;
				SWIFT_ACTIVE_COMPILATION_CONDITIONS = DEBUG;
				SWIFT_OPTIMIZATION_LEVEL = "-Onone";
			};
			name = Debug;
		};
		487CFF00231EDDE4000B3B2B /* Release */ = {
			isa = XCBuildConfiguration;
			buildSettings = {
				ALWAYS_SEARCH_USER_PATHS = NO;
				CLANG_ANALYZER_NONNULL = YES;
				CLANG_ANALYZER_NUMBER_OBJECT_CONVERSION = YES_AGGRESSIVE;
				CLANG_CXX_LANGUAGE_STANDARD = "gnu++14";
				CLANG_CXX_LIBRARY = "libc++";
				CLANG_ENABLE_MODULES = YES;
				CLANG_ENABLE_OBJC_ARC = YES;
				CLANG_ENABLE_OBJC_WEAK = YES;
				CLANG_WARN_BLOCK_CAPTURE_AUTORELEASING = YES;
				CLANG_WARN_BOOL_CONVERSION = YES;
				CLANG_WARN_COMMA = YES;
				CLANG_WARN_CONSTANT_CONVERSION = YES;
				CLANG_WARN_DEPRECATED_OBJC_IMPLEMENTATIONS = YES;
				CLANG_WARN_DIRECT_OBJC_ISA_USAGE = YES_ERROR;
				CLANG_WARN_DOCUMENTATION_COMMENTS = YES;
				CLANG_WARN_EMPTY_BODY = YES;
				CLANG_WARN_ENUM_CONVERSION = YES;
				CLANG_WARN_INFINITE_RECURSION = YES;
				CLANG_WARN_INT_CONVERSION = YES;
				CLANG_WARN_NON_LITERAL_NULL_CONVERSION = YES;
				CLANG_WARN_OBJC_IMPLICIT_RETAIN_SELF = YES;
				CLANG_WARN_OBJC_LITERAL_CONVERSION = YES;
				CLANG_WARN_OBJC_ROOT_CLASS = YES_ERROR;
				CLANG_WARN_RANGE_LOOP_ANALYSIS = YES;
				CLANG_WARN_STRICT_PROTOTYPES = YES;
				CLANG_WARN_SUSPICIOUS_MOVE = YES;
				CLANG_WARN_UNGUARDED_AVAILABILITY = YES_AGGRESSIVE;
				CLANG_WARN_UNREACHABLE_CODE = YES;
				CLANG_WARN__DUPLICATE_METHOD_MATCH = YES;
				CODE_SIGN_IDENTITY = "iPhone Developer";
				COPY_PHASE_STRIP = NO;
				DEBUG_INFORMATION_FORMAT = "dwarf-with-dsym";
				ENABLE_NS_ASSERTIONS = NO;
				ENABLE_STRICT_OBJC_MSGSEND = YES;
				GCC_C_LANGUAGE_STANDARD = gnu11;
				GCC_NO_COMMON_BLOCKS = YES;
				GCC_WARN_64_TO_32_BIT_CONVERSION = YES;
				GCC_WARN_ABOUT_RETURN_TYPE = YES_ERROR;
				GCC_WARN_UNDECLARED_SELECTOR = YES;
				GCC_WARN_UNINITIALIZED_AUTOS = YES_AGGRESSIVE;
				GCC_WARN_UNUSED_FUNCTION = YES;
				GCC_WARN_UNUSED_VARIABLE = YES;
				IPHONEOS_DEPLOYMENT_TARGET = 12.4;
				MTL_ENABLE_DEBUG_INFO = NO;
				MTL_FAST_MATH = YES;
				SDKROOT = iphoneos;
				SWIFT_COMPILATION_MODE = wholemodule;
				SWIFT_OPTIMIZATION_LEVEL = "-O";
				VALIDATE_PRODUCT = YES;
			};
			name = Release;
		};
		487CFF02231EDDE4000B3B2B /* Debug */ = {
			isa = XCBuildConfiguration;
			buildSettings = {
				ASSETCATALOG_COMPILER_APPICON_NAME = AppIcon;
				CODE_SIGN_STYLE = Automatic;
				DEVELOPMENT_TEAM = 2GP6JB4J4B;
				INFOPLIST_FILE = ChallengeAccepted/Info.plist;
				LD_RUNPATH_SEARCH_PATHS = (
					"$(inherited)",
					"@executable_path/Frameworks",
				);
				PRODUCT_BUNDLE_IDENTIFIER = com.RomanWeismanApps.ChallengeAccepted;
				PRODUCT_NAME = "$(TARGET_NAME)";
				SWIFT_VERSION = 5.0;
				TARGETED_DEVICE_FAMILY = "1,2";
			};
			name = Debug;
		};
		487CFF03231EDDE4000B3B2B /* Release */ = {
			isa = XCBuildConfiguration;
			buildSettings = {
				ASSETCATALOG_COMPILER_APPICON_NAME = AppIcon;
				CODE_SIGN_STYLE = Automatic;
				DEVELOPMENT_TEAM = 2GP6JB4J4B;
				INFOPLIST_FILE = ChallengeAccepted/Info.plist;
				LD_RUNPATH_SEARCH_PATHS = (
					"$(inherited)",
					"@executable_path/Frameworks",
				);
				PRODUCT_BUNDLE_IDENTIFIER = com.RomanWeismanApps.ChallengeAccepted;
				PRODUCT_NAME = "$(TARGET_NAME)";
				SWIFT_VERSION = 5.0;
				TARGETED_DEVICE_FAMILY = "1,2";
			};
			name = Release;
		};
/* End XCBuildConfiguration section */

/* Begin XCConfigurationList section */
		487CFEE7231EDDE4000B3B2B /* Build configuration list for PBXProject "ChallengeAccepted" */ = {
			isa = XCConfigurationList;
			buildConfigurations = (
				487CFEFF231EDDE4000B3B2B /* Debug */,
				487CFF00231EDDE4000B3B2B /* Release */,
			);
			defaultConfigurationIsVisible = 0;
			defaultConfigurationName = Release;
		};
		487CFF01231EDDE4000B3B2B /* Build configuration list for PBXNativeTarget "ChallengeAccepted" */ = {
			isa = XCConfigurationList;
			buildConfigurations = (
				487CFF02231EDDE4000B3B2B /* Debug */,
				487CFF03231EDDE4000B3B2B /* Release */,
			);
			defaultConfigurationIsVisible = 0;
			defaultConfigurationName = Release;
		};
/* End XCConfigurationList section */

/* Begin XCVersionGroup section */
		487CFEF6231EDDE4000B3B2B /* ChallengeAccepted.xcdatamodeld */ = {
			isa = XCVersionGroup;
			children = (
				487CFEF7231EDDE4000B3B2B /* ChallengeAccepted.xcdatamodel */,
			);
			currentVersion = 487CFEF7231EDDE4000B3B2B /* ChallengeAccepted.xcdatamodel */;
			path = ChallengeAccepted.xcdatamodeld;
			sourceTree = "<group>";
			versionGroupType = wrapper.xcdatamodel;
		};
/* End XCVersionGroup section */
	};
	rootObject = 487CFEE4231EDDE4000B3B2B /* Project object */;
}
